PODS:
  - FBSnapshotTestCase (2.1.4):
    - FBSnapshotTestCase/SwiftSupport (= 2.1.4)
  - FBSnapshotTestCase/Core (2.1.4)
  - FBSnapshotTestCase/SwiftSupport (2.1.4):
    - FBSnapshotTestCase/Core
  - iOSSnapshotTestCase (8.0.0):
    - iOSSnapshotTestCase/SwiftSupport (= 8.0.0)
  - iOSSnapshotTestCase/Core (8.0.0)
  - iOSSnapshotTestCase/SwiftSupport (8.0.0):
    - iOSSnapshotTestCase/Core
  - Nimble (11.2.2)
  - Nimble-Snapshots (9.5.1):
    - Nimble-Snapshots/Core (= 9.5.1)
  - Nimble-Snapshots/Core (9.5.1):
    - iOSSnapshotTestCase (~> 8.0)
    - Nimble (~> 11.0)
  - Quick (6.1.0)
  - RoktWebViewSDK (1.0.0)

DEPENDENCIES:
  - FBSnapshotTestCase (~> 2.1.4)
  - Nimble (~> 11.2.2)
  - Nimble-Snapshots (~> 9.5.1)
  - Quick (~> 6.1.0)
  - RoktWebViewSDK (from `../`)

SPEC REPOS:
  trunk:
    - FBSnapshotTestCase
    - iOSSnapshotTestCase
    - Nimble
    - Nimble-Snapshots
    - Quick

EXTERNAL SOURCES:
  RoktWebViewSDK:
    :path: "../"

SPEC CHECKSUMS:
  FBSnapshotTestCase: 094f9f314decbabe373b87cc339bea235a63e07a
  iOSSnapshotTestCase: a670511f9ee3829c2b9c23e6e68f315fd7b6790f
  Nimble: 01a944d4d07eab73617dfd4b32ac9f7152ac34de
  Nimble-Snapshots: ffa513489b87160d95b09e9158c9cb2bf70e00a4
  Quick: 6676ffb409bf04abba2ff23902af2407bfc6ac90
  RoktWebViewSDK: 4f76561c1b3e1f3c93376e0524d5790265bd6841

PODFILE CHECKSUM: 8cb778e2e72f7dc723a35384007388c9f2bc6468

COCOAPODS: 1.11.3
